// !$*UTF8*$!
{
	archiveVersion = 1;
	classes = {
	};
	objectVersion = 55;
	objects = {

/* Begin PBXBuildFile section */
		55A56D11277D8484001B39FF /* ToDoListApp.swift in Sources */ = {isa = PBXBuildFile; fileRef = 55A56D10277D8484001B39FF /* ToDoListApp.swift */; };
		55A56D13277D8485001B39FF /* ContentView.swift in Sources */ = {isa = PBXBuildFile; fileRef = 55A56D12277D8485001B39FF /* ContentView.swift */; };
		55A56D15277D8487001B39FF /* Assets.xcassets in Resources */ = {isa = PBXBuildFile; fileRef = 55A56D14277D8487001B39FF /* Assets.xcassets */; };
		55A56D18277D8487001B39FF /* Preview Assets.xcassets in Resources */ = {isa = PBXBuildFile; fileRef = 55A56D17277D8487001B39FF /* Preview Assets.xcassets */; };
		55A56D1F277D9026001B39FF /* TaskView.swift in Sources */ = {isa = PBXBuildFile; fileRef = 55A56D1E277D9026001B39FF /* TaskView.swift */; };
		55A56D21277DA799001B39FF /* TaskRow.swift in Sources */ = {isa = PBXBuildFile; fileRef = 55A56D20277DA799001B39FF /* TaskRow.swift */; };
		55A56D23277DA8C1001B39FF /* AddTaskView.swift in Sources */ = {isa = PBXBuildFile; fileRef = 55A56D22277DA8C1001B39FF /* AddTaskView.swift */; };
		55A56D25277DAD51001B39FF /* SmallAddButton.swift in Sources */ = {isa = PBXBuildFile; fileRef = 55A56D24277DAD51001B39FF /* SmallAddButton.swift */; };
		55A56D2C277DBB74001B39FF /* Realm in Frameworks */ = {isa = PBXBuildFile; productRef = 55A56D2B277DBB74001B39FF /* Realm */; };
		55A56D2E277DBB74001B39FF /* RealmSwift in Frameworks */ = {isa = PBXBuildFile; productRef = 55A56D2D277DBB74001B39FF /* RealmSwift */; };
		55A56D30277DBB98001B39FF /* RealmManager.swift in Sources */ = {isa = PBXBuildFile; fileRef = 55A56D2F277DBB98001B39FF /* RealmManager.swift */; };
		55A56D32277DBD7A001B39FF /* Task.swift in Sources */ = {isa = PBXBuildFile; fileRef = 55A56D31277DBD7A001B39FF /* Task.swift */; };
/* End PBXBuildFile section */

/* Begin PBXFileReference section */
		55A56D0D277D8484001B39FF /* ToDoList.app */ = {isa = PBXFileReference; explicitFileType = wrapper.application; includeInIndex = 0; path = ToDoList.app; sourceTree = BUILT_PRODUCTS_DIR; };
		55A56D10277D8484001B39FF /* ToDoListApp.swift */ = {isa = PBXFileReference; lastKnownFileType = sourcecode.swift; path = ToDoListApp.swift; sourceTree = "<group>"; };
		55A56D12277D8485001B39FF /* ContentView.swift */ = {isa = PBXFileReference; lastKnownFileType = sourcecode.swift; path = ContentView.swift; sourceTree = "<group>"; };
		55A56D14277D8487001B39FF /* Assets.xcassets */ = {isa = PBXFileReference; lastKnownFileType = folder.assetcatalog; path = Assets.xcassets; sourceTree = "<group>"; };
		55A56D17277D8487001B39FF /* Preview Assets.xcassets */ = {isa = PBXFileReference; lastKnownFileType = folder.assetcatalog; path = "Preview Assets.xcassets"; sourceTree = "<group>"; };
		55A56D1E277D9026001B39FF /* TaskView.swift */ = {isa = PBXFileReference; lastKnownFileType = sourcecode.swift; path = TaskView.swift; sourceTree = "<group>"; };
		55A56D20277DA799001B39FF /* TaskRow.swift */ = {isa = PBXFileReference; lastKnownFileType = sourcecode.swift; path = TaskRow.swift; sourceTree = "<group>"; };
		55A56D22277DA8C1001B39FF /* AddTaskView.swift */ = {isa = PBXFileReference; lastKnownFileType = sourcecode.swift; path = AddTaskView.swift; sourceTree = "<group>"; };
		55A56D24277DAD51001B39FF /* SmallAddButton.swift */ = {isa = PBXFileReference; lastKnownFileType = sourcecode.swift; path = SmallAddButton.swift; sourceTree = "<group>"; };
		55A56D2F277DBB98001B39FF /* RealmManager.swift */ = {isa = PBXFileReference; lastKnownFileType = sourcecode.swift; path = RealmManager.swift; sourceTree = "<group>"; };
		55A56D31277DBD7A001B39FF /* Task.swift */ = {isa = PBXFileReference; lastKnownFileType = sourcecode.swift; path = Task.swift; sourceTree = "<group>"; };
/* End PBXFileReference section */

/* Begin PBXFrameworksBuildPhase section */
		55A56D0A277D8484001B39FF /* Frameworks */ = {
			isa = PBXFrameworksBuildPhase;
			buildActionMask = 2147483647;
			files = (
				55A56D2E277DBB74001B39FF /* RealmSwift in Frameworks */,
				55A56D2C277DBB74001B39FF /* Realm in Frameworks */,
			);
			runOnlyForDeploymentPostprocessing = 0;
		};
/* End PBXFrameworksBuildPhase section */

/* Begin PBXGroup section */
		5588E60B277ECED600F10810 /* Components */ = {
			isa = PBXGroup;
			children = (
				55A56D20277DA799001B39FF /* TaskRow.swift */,
				55A56D24277DAD51001B39FF /* SmallAddButton.swift */,
			);
			path = Components;
			sourceTree = "<group>";
		};
		5588E60C277ECEE700F10810 /* Views */ = {
			isa = PBXGroup;
			children = (
				55A56D12277D8485001B39FF /* ContentView.swift */,
				55A56D1E277D9026001B39FF /* TaskView.swift */,
				55A56D22277DA8C1001B39FF /* AddTaskView.swift */,
			);
			path = Views;
			sourceTree = "<group>";
		};
		55A56D04277D8484001B39FF = {
			isa = PBXGroup;
			children = (
				55A56D0F277D8484001B39FF /* ToDoList */,
				55A56D0E277D8484001B39FF /* Products */,
			);
			sourceTree = "<group>";
		};
		55A56D0E277D8484001B39FF /* Products */ = {
			isa = PBXGroup;
			children = (
				55A56D0D277D8484001B39FF /* ToDoList.app */,
			);
			name = Products;
			sourceTree = "<group>";
		};
		55A56D0F277D8484001B39FF /* ToDoList */ = {
			isa = PBXGroup;
			children = (
				55A56D10277D8484001B39FF /* ToDoListApp.swift */,
				55A56D31277DBD7A001B39FF /* Task.swift */,
				55A56D2F277DBB98001B39FF /* RealmManager.swift */,
				5588E60C277ECEE700F10810 /* Views */,
				5588E60B277ECED600F10810 /* Components */,
				55A56D16277D8487001B39FF /* Preview Content */,
			);
			path = ToDoList;
			sourceTree = "<group>";
		};
		55A56D16277D8487001B39FF /* Preview Content */ = {
			isa = PBXGroup;
			children = (
				55A56D14277D8487001B39FF /* Assets.xcassets */,
				55A56D17277D8487001B39FF /* Preview Assets.xcassets */,
			);
			path = "Preview Content";
			sourceTree = "<group>";
		};
/* End PBXGroup section */

/* Begin PBXNativeTarget section */
		55A56D0C277D8484001B39FF /* ToDoList */ = {
			isa = PBXNativeTarget;
			buildConfigurationList = 55A56D1B277D8487001B39FF /* Build configuration list for PBXNativeTarget "ToDoList" */;
			buildPhases = (
				55A56D09277D8484001B39FF /* Sources */,
				55A56D0A277D8484001B39FF /* Frameworks */,
				55A56D0B277D8484001B39FF /* Resources */,
			);
			buildRules = (
			);
			dependencies = (
			);
			name = ToDoList;
			packageProductDependencies = (
				55A56D2B277DBB74001B39FF /* Realm */,
				55A56D2D277DBB74001B39FF /* RealmSwift */,
			);
			productName = ToDoList;
			productReference = 55A56D0D277D8484001B39FF /* ToDoList.app */;
			productType = "com.apple.product-type.application";
		};
/* End PBXNativeTarget section */

/* Begin PBXProject section */
		55A56D05277D8484001B39FF /* Project object */ = {
			isa = PBXProject;
			attributes = {
				BuildIndependentTargetsInParallel = 1;
				LastSwiftUpdateCheck = 1320;
				LastUpgradeCheck = 1320;
				TargetAttributes = {
					55A56D0C277D8484001B39FF = {
						CreatedOnToolsVersion = 13.2.1;
					};
				};
			};
			buildConfigurationList = 55A56D08277D8484001B39FF /* Build configuration list for PBXProject "ToDoList" */;
			compatibilityVersion = "Xcode 13.0";
			developmentRegion = en;
			hasScannedForEncodings = 0;
			knownRegions = (
				en,
				Base,
			);
			mainGroup = 55A56D04277D8484001B39FF;
			packageReferences = (
				55A56D2A277DBB74001B39FF /* XCRemoteSwiftPackageReference "realm-cocoa" */,
			);
			productRefGroup = 55A56D0E277D8484001B39FF /* Products */;
			projectDirPath = "";
			projectRoot = "";
			targets = (
				55A56D0C277D8484001B39FF /* ToDoList */,
			);
		};
/* End PBXProject section */

/* Begin PBXResourcesBuildPhase section */
		55A56D0B277D8484001B39FF /* Resources */ = {
			isa = PBXResourcesBuildPhase;
			buildActionMask = 2147483647;
			files = (
				55A56D18277D8487001B39FF /* Preview Assets.xcassets in Resources */,
				55A56D15277D8487001B39FF /* Assets.xcassets in Resources */,
			);
			runOnlyForDeploymentPostprocessing = 0;
		};
/* End PBXResourcesBuildPhase section */

/* Begin PBXSourcesBuildPhase section */
		55A56D09277D8484001B39FF /* Sources */ = {
			isa = PBXSourcesBuildPhase;
			buildActionMask = 2147483647;
			files = (
				55A56D32277DBD7A001B39FF /* Task.swift in Sources */,
				55A56D1F277D9026001B39FF /* TaskView.swift in Sources */,
				55A56D23277DA8C1001B39FF /* AddTaskView.swift in Sources */,
				55A56D13277D8485001B39FF /* ContentView.swift in Sources */,
				55A56D25277DAD51001B39FF /* SmallAddButton.swift in Sources */,
				55A56D11277D8484001B39FF /* ToDoListApp.swift in Sources */,
				55A56D30277DBB98001B39FF /* RealmManager.swift in Sources */,
				55A56D21277DA799001B39FF /* TaskRow.swift in Sources */,
			);
			runOnlyForDeploymentPostprocessing = 0;
		};
/* End PBXSourcesBuildPhase section */

/* Begin XCBuildConfiguration section */
		55A56D19277D8487001B39FF /* Debug */ = {
			isa = XCBuildConfiguration;
			buildSettings = {
				ALWAYS_SEARCH_USER_PATHS = NO;
				CLANG_ANALYZER_NONNULL = YES;
				CLANG_ANALYZER_NUMBER_OBJECT_CONVERSION = YES_AGGRESSIVE;
				CLANG_CXX_LANGUAGE_STANDARD = "gnu++17";
				CLANG_CXX_LIBRARY = "libc++";
				CLANG_ENABLE_MODULES = YES;
				CLANG_ENABLE_OBJC_ARC = YES;
				CLANG_ENABLE_OBJC_WEAK = YES;
				CLANG_WARN_BLOCK_CAPTURE_AUTORELEASING = YES;
				CLANG_WARN_BOOL_CONVERSION = YES;
				CLANG_WARN_COMMA = YES;
				CLANG_WARN_CONSTANT_CONVERSION = YES;
				CLANG_WARN_DEPRECATED_OBJC_IMPLEMENTATIONS = YES;
				CLANG_WARN_DIRECT_OBJC_ISA_USAGE = YES_ERROR;
				CLANG_WARN_DOCUMENTATION_COMMENTS = YES;
				CLANG_WARN_EMPTY_BODY = YES;
				CLANG_WARN_ENUM_CONVERSION = YES;
				CLANG_WARN_INFINITE_RECURSION = YES;
				CLANG_WARN_INT_CONVERSION = YES;
				CLANG_WARN_NON_LITERAL_NULL_CONVERSION = YES;
				CLANG_WARN_OBJC_IMPLICIT_RETAIN_SELF = YES;
				CLANG_WARN_OBJC_LITERAL_CONVERSION = YES;
				CLANG_WARN_OBJC_ROOT_CLASS = YES_ERROR;
				CLANG_WARN_QUOTED_INCLUDE_IN_FRAMEWORK_HEADER = YES;
				CLANG_WARN_RANGE_LOOP_ANALYSIS = YES;
				CLANG_WARN_STRICT_PROTOTYPES = YES;
				CLANG_WARN_SUSPICIOUS_MOVE = YES;
				CLANG_WARN_UNGUARDED_AVAILABILITY = YES_AGGRESSIVE;
				CLANG_WARN_UNREACHABLE_CODE = YES;
				CLANG_WARN__DUPLICATE_METHOD_MATCH = YES;
				COPY_PHASE_STRIP = NO;
				DEBUG_INFORMATION_FORMAT = dwarf;
				ENABLE_STRICT_OBJC_MSGSEND = YES;
				ENABLE_TESTABILITY = YES;
				GCC_C_LANGUAGE_STANDARD = gnu11;
				GCC_DYNAMIC_NO_PIC = NO;
				GCC_NO_COMMON_BLOCKS = YES;
				GCC_OPTIMIZATION_LEVEL = 0;
				GCC_PREPROCESSOR_DEFINITIONS = (
					"DEBUG=1",
					"$(inherited)",
				);
				GCC_WARN_64_TO_32_BIT_CONVERSION = YES;
				GCC_WARN_ABOUT_RETURN_TYPE = YES_ERROR;
				GCC_WARN_UNDECLARED_SELECTOR = YES;
				GCC_WARN_UNINITIALIZED_AUTOS = YES_AGGRESSIVE;
				GCC_WARN_UNUSED_FUNCTION = YES;
				GCC_WARN_UNUSED_VARIABLE = YES;
				IPHONEOS_DEPLOYMENT_TARGET = 15.2;
				MTL_ENABLE_DEBUG_INFO = INCLUDE_SOURCE;
				MTL_FAST_MATH = YES;
				ONLY_ACTIVE_ARCH = YES;
				SDKROOT = iphoneos;
				SWIFT_ACTIVE_COMPILATION_CONDITIONS = DEBUG;
				SWIFT_OPTIMIZATION_LEVEL = "-Onone";
			};
			name = Debug;
		};
		55A56D1A277D8487001B39FF /* Release */ = {
			isa = XCBuildConfiguration;
			buildSettings = {
				ALWAYS_SEARCH_USER_PATHS = NO;
				CLANG_ANALYZER_NONNULL = YES;
				CLANG_ANALYZER_NUMBER_OBJECT_CONVERSION = YES_AGGRESSIVE;
				CLANG_CXX_LANGUAGE_STANDARD = "gnu++17";
				CLANG_CXX_LIBRARY = "libc++";
				CLANG_ENABLE_MODULES = YES;
				CLANG_ENABLE_OBJC_ARC = YES;
				CLANG_ENABLE_OBJC_WEAK = YES;
				CLANG_WARN_BLOCK_CAPTURE_AUTORELEASING = YES;
				CLANG_WARN_BOOL_CONVERSION = YES;
				CLANG_WARN_COMMA = YES;
				CLANG_WARN_CONSTANT_CONVERSION = YES;
				CLANG_WARN_DEPRECATED_OBJC_IMPLEMENTATIONS = YES;
				CLANG_WARN_DIRECT_OBJC_ISA_USAGE = YES_ERROR;
				CLANG_WARN_DOCUMENTATION_COMMENTS = YES;
				CLANG_WARN_EMPTY_BODY = YES;
				CLANG_WARN_ENUM_CONVERSION = YES;
				CLANG_WARN_INFINITE_RECURSION = YES;
				CLANG_WARN_INT_CONVERSION = YES;
				CLANG_WARN_NON_LITERAL_NULL_CONVERSION = YES;
				CLANG_WARN_OBJC_IMPLICIT_RETAIN_SELF = YES;
				CLANG_WARN_OBJC_LITERAL_CONVERSION = YES;
				CLANG_WARN_OBJC_ROOT_CLASS = YES_ERROR;
				CLANG_WARN_QUOTED_INCLUDE_IN_FRAMEWORK_HEADER = YES;
				CLANG_WARN_RANGE_LOOP_ANALYSIS = YES;
				CLANG_WARN_STRICT_PROTOTYPES = YES;
				CLANG_WARN_SUSPICIOUS_MOVE = YES;
				CLANG_WARN_UNGUARDED_AVAILABILITY = YES_AGGRESSIVE;
				CLANG_WARN_UNREACHABLE_CODE = YES;
				CLANG_WARN__DUPLICATE_METHOD_MATCH = YES;
				COPY_PHASE_STRIP = NO;
				DEBUG_INFORMATION_FORMAT = "dwarf-with-dsym";
				ENABLE_NS_ASSERTIONS = NO;
				ENABLE_STRICT_OBJC_MSGSEND = YES;
				GCC_C_LANGUAGE_STANDARD = gnu11;
				GCC_NO_COMMON_BLOCKS = YES;
				GCC_WARN_64_TO_32_BIT_CONVERSION = YES;
				GCC_WARN_ABOUT_RETURN_TYPE = YES_ERROR;
				GCC_WARN_UNDECLARED_SELECTOR = YES;
				GCC_WARN_UNINITIALIZED_AUTOS = YES_AGGRESSIVE;
				GCC_WARN_UNUSED_FUNCTION = YES;
				GCC_WARN_UNUSED_VARIABLE = YES;
				IPHONEOS_DEPLOYMENT_TARGET = 15.2;
				MTL_ENABLE_DEBUG_INFO = NO;
				MTL_FAST_MATH = YES;
				SDKROOT = iphoneos;
				SWIFT_COMPILATION_MODE = wholemodule;
				SWIFT_OPTIMIZATION_LEVEL = "-O";
				VALIDATE_PRODUCT = YES;
			};
			name = Release;
		};
		55A56D1C277D8487001B39FF /* Debug */ = {
			isa = XCBuildConfiguration;
			buildSettings = {
				ASSETCATALOG_COMPILER_APPICON_NAME = AppIcon;
				ASSETCATALOG_COMPILER_GLOBAL_ACCENT_COLOR_NAME = AccentColor;
				CODE_SIGN_STYLE = Automatic;
				CURRENT_PROJECT_VERSION = 1;
				DEVELOPMENT_ASSET_PATHS = "\"ToDoList/Preview Content\"";
				DEVELOPMENT_TEAM = J66577LXL5;
				ENABLE_PREVIEWS = YES;
				GENERATE_INFOPLIST_FILE = YES;
				INFOPLIST_KEY_UIApplicationSceneManifest_Generation = YES;
				INFOPLIST_KEY_UIApplicationSupportsIndirectInputEvents = YES;
				INFOPLIST_KEY_UILaunchScreen_Generation = YES;
				INFOPLIST_KEY_UISupportedInterfaceOrientations_iPad = "UIInterfaceOrientationPortrait UIInterfaceOrientationPortraitUpsideDown UIInterfaceOrientationLandscapeLeft UIInterfaceOrientationLandscapeRight";
				INFOPLIST_KEY_UISupportedInterfaceOrientations_iPhone = "UIInterfaceOrientationPortrait UIInterfaceOrientationLandscapeLeft UIInterfaceOrientationLandscapeRight";
				LD_RUNPATH_SEARCH_PATHS = (
					"$(inherited)",
					"@executable_path/Frameworks",
				);
				MARKETING_VERSION = 1.0;
				PRODUCT_BUNDLE_IDENTIFIER = com.CheRin.ToDoList;
				PRODUCT_NAME = "$(TARGET_NAME)";
				SWIFT_EMIT_LOC_STRINGS = YES;
				SWIFT_VERSION = 5.0;
				TARGETED_DEVICE_FAMILY = "1,2";
			};
			name = Debug;
		};
		55A56D1D277D8487001B39FF /* Release */ = {
			isa = XCBuildConfiguration;
			buildSettings = {
				ASSETCATALOG_COMPILER_APPICON_NAME = AppIcon;
				ASSETCATALOG_COMPILER_GLOBAL_ACCENT_COLOR_NAME = AccentColor;
				CODE_SIGN_STYLE = Automatic;
				CURRENT_PROJECT_VERSION = 1;
				DEVELOPMENT_ASSET_PATHS = "\"ToDoList/Preview Content\"";
				DEVELOPMENT_TEAM = J66577LXL5;
				ENABLE_PREVIEWS = YES;
				GENERATE_INFOPLIST_FILE = YES;
				INFOPLIST_KEY_UIApplicationSceneManifest_Generation = YES;
				INFOPLIST_KEY_UIApplicationSupportsIndirectInputEvents = YES;
				INFOPLIST_KEY_UILaunchScreen_Generation = YES;
				INFOPLIST_KEY_UISupportedInterfaceOrientations_iPad = "UIInterfaceOrientationPortrait UIInterfaceOrientationPortraitUpsideDown UIInterfaceOrientationLandscapeLeft UIInterfaceOrientationLandscapeRight";
				INFOPLIST_KEY_UISupportedInterfaceOrientations_iPhone = "UIInterfaceOrientationPortrait UIInterfaceOrientationLandscapeLeft UIInterfaceOrientationLandscapeRight";
				LD_RUNPATH_SEARCH_PATHS = (
					"$(inherited)",
					"@executable_path/Frameworks",
				);
				MARKETING_VERSION = 1.0;
				PRODUCT_BUNDLE_IDENTIFIER = com.CheRin.ToDoList;
				PRODUCT_NAME = "$(TARGET_NAME)";
				SWIFT_EMIT_LOC_STRINGS = YES;
				SWIFT_VERSION = 5.0;
				TARGETED_DEVICE_FAMILY = "1,2";
			};
			name = Release;
		};
/* End XCBuildConfiguration section */

/* Begin XCConfigurationList section */
		55A56D08277D8484001B39FF /* Build configuration list for PBXProject "ToDoList" */ = {
			isa = XCConfigurationList;
			buildConfigurations = (
				55A56D19277D8487001B39FF /* Debug */,
				55A56D1A277D8487001B39FF /* Release */,
			);
			defaultConfigurationIsVisible = 0;
			defaultConfigurationName = Release;
		};
		55A56D1B277D8487001B39FF /* Build configuration list for PBXNativeTarget "ToDoList" */ = {
			isa = XCConfigurationList;
			buildConfigurations = (
				55A56D1C277D8487001B39FF /* Debug */,
				55A56D1D277D8487001B39FF /* Release */,
			);
			defaultConfigurationIsVisible = 0;
			defaultConfigurationName = Release;
		};
/* End XCConfigurationList section */

/* Begin XCRemoteSwiftPackageReference section */
		55A56D2A277DBB74001B39FF /* XCRemoteSwiftPackageReference "realm-cocoa" */ = {
			isa = XCRemoteSwiftPackageReference;
			repositoryURL = "https://github.com/realm/realm-cocoa.git";
			requirement = {
				kind = upToNextMajorVersion;
				minimumVersion = 10.10.0;
			};
		};
/* End XCRemoteSwiftPackageReference section */

/* Begin XCSwiftPackageProductDependency section */
		55A56D2B277DBB74001B39FF /* Realm */ = {
			isa = XCSwiftPackageProductDependency;
			package = 55A56D2A277DBB74001B39FF /* XCRemoteSwiftPackageReference "realm-cocoa" */;
			productName = Realm;
		};
		55A56D2D277DBB74001B39FF /* RealmSwift */ = {
			isa = XCSwiftPackageProductDependency;
			package = 55A56D2A277DBB74001B39FF /* XCRemoteSwiftPackageReference "realm-cocoa" */;
			productName = RealmSwift;
		};
/* End XCSwiftPackageProductDependency section */
	};
	rootObject = 55A56D05277D8484001B39FF /* Project object */;
}
